
Microsoft Visual Studio Solution File, Format Version 12.00
# Visual Studio Version 17
VisualStudioVersion = 17.1.32228.430
MinimumVisualStudioVersion = 10.0.40219.1
Project("{FAE04EC0-301F-11D3-BF4B-00C04F79EFBC}") = "TestImtahan3", "TestImtahan3\TestImtahan3.csproj", "{518E1131-3A98-4138-AF43-CE92957F9B57}"
EndProject
Global
	GlobalSection(SolutionConfigurationPlatforms) = preSolution
		Debug|Any CPU = Debug|Any CPU
		Release|Any CPU = Release|Any CPU
	EndGlobalSection
	GlobalSection(ProjectConfigurationPlatforms) = postSolution
		{518E1131-3A98-4138-AF43-CE92957F9B57}.Debug|Any CPU.ActiveCfg = Debug|Any CPU
		{518E1131-3A98-4138-AF43-CE92957F9B57}.Debug|Any CPU.Build.0 = Debug|Any CPU
		{518E1131-3A98-4138-AF43-CE92957F9B57}.Release|Any CPU.ActiveCfg = Release|Any CPU
		{518E1131-3A98-4138-AF43-CE92957F9B57}.Release|Any CPU.Build.0 = Release|Any CPU
	EndGlobalSection
	GlobalSection(SolutionProperties) = preSolution
		HideSolutionNode = FALSE
	EndGlobalSection
	GlobalSection(ExtensibilityGlobals) = postSolution
		SolutionGuid = {B7C5D56F-6C72-4DDC-B64A-BB13AE2801B1}
	EndGlobalSection
EndGlobal
